<Solution>
  <Folder Name="/src/">
    <Project Path="src/MyApp.Api/MyApp.Api.csproj" />
    <Project Path="src/MyApp.Application/MyApp.Application.csproj" />
    <Project Path="src/MyApp.Infrastructure/MyApp.Infrastructure.csproj" />
    <Project Path="src/MyApp.Maui/MyApp.Maui.csproj" />
    <Project Path="src/MyApp.Shared/MyApp.Shared.csproj" />
    <Project Path="src/MyApp.UI/MyApp.UI.csproj" />
    <Project Path="src/MyApp.Web/MyApp.Web.csproj" />
  </Folder>
</Solution>
